// !$*UTF8*$!
{
	archiveVersion = 1;
	classes = {
	};
	objectVersion = 46;
	objects = {

/* Begin PBXBuildFile section */
		91DAC92E1739400C00793751 /* UIKit.framework in Frameworks */ = {isa = PBXBuildFile; fileRef = 91DAC92D1739400C00793751 /* UIKit.framework */; };
		91DAC9301739400C00793751 /* Foundation.framework in Frameworks */ = {isa = PBXBuildFile; fileRef = 91DAC92F1739400C00793751 /* Foundation.framework */; };
		91DAC9321739400C00793751 /* CoreGraphics.framework in Frameworks */ = {isa = PBXBuildFile; fileRef = 91DAC9311739400C00793751 /* CoreGraphics.framework */; };
		91DAC9381739400C00793751 /* InfoPlist.strings in Resources */ = {isa = PBXBuildFile; fileRef = 91DAC9361739400C00793751 /* InfoPlist.strings */; };
		91DAC93A1739400C00793751 /* main.m in Sources */ = {isa = PBXBuildFile; fileRef = 91DAC9391739400C00793751 /* main.m */; };
		91DAC93E1739400C00793751 /* AppDelegate.m in Sources */ = {isa = PBXBuildFile; fileRef = 91DAC93D1739400C00793751 /* AppDelegate.m */; };
		91DAC9401739400C00793751 /* Default.png in Resources */ = {isa = PBXBuildFile; fileRef = 91DAC93F1739400C00793751 /* Default.png */; };
		91DAC9421739400C00793751 /* Default@2x.png in Resources */ = {isa = PBXBuildFile; fileRef = 91DAC9411739400C00793751 /* Default@2x.png */; };
		91DAC9441739400C00793751 /* Default-568h@2x.png in Resources */ = {isa = PBXBuildFile; fileRef = 91DAC9431739400C00793751 /* Default-568h@2x.png */; };
		91DAC9471739400C00793751 /* MainStoryboard_iPhone.storyboard in Resources */ = {isa = PBXBuildFile; fileRef = 91DAC9451739400C00793751 /* MainStoryboard_iPhone.storyboard */; };
		91DAC94A1739400C00793751 /* MainStoryboard_iPad.storyboard in Resources */ = {isa = PBXBuildFile; fileRef = 91DAC9481739400C00793751 /* MainStoryboard_iPad.storyboard */; };
		91DAC94D1739400C00793751 /* MasterViewController.m in Sources */ = {isa = PBXBuildFile; fileRef = 91DAC94C1739400C00793751 /* MasterViewController.m */; };
		91DAC9501739400C00793751 /* DetailViewController.m in Sources */ = {isa = PBXBuildFile; fileRef = 91DAC94F1739400C00793751 /* DetailViewController.m */; };
		91DAC9581739400C00793751 /* SenTestingKit.framework in Frameworks */ = {isa = PBXBuildFile; fileRef = 91DAC9571739400C00793751 /* SenTestingKit.framework */; };
		91DAC9591739400C00793751 /* UIKit.framework in Frameworks */ = {isa = PBXBuildFile; fileRef = 91DAC92D1739400C00793751 /* UIKit.framework */; };
		91DAC95A1739400C00793751 /* Foundation.framework in Frameworks */ = {isa = PBXBuildFile; fileRef = 91DAC92F1739400C00793751 /* Foundation.framework */; };
		91DAC9621739400C00793751 /* InfoPlist.strings in Resources */ = {isa = PBXBuildFile; fileRef = 91DAC9601739400C00793751 /* InfoPlist.strings */; };
		91DAC9651739400C00793751 /* MyTestAppTests.m in Sources */ = {isa = PBXBuildFile; fileRef = 91DAC9641739400C00793751 /* MyTestAppTests.m */; };
/* End PBXBuildFile section */

/* Begin PBXContainerItemProxy section */
		91DAC95B1739400C00793751 /* PBXContainerItemProxy */ = {
			isa = PBXContainerItemProxy;
			containerPortal = 91DAC9221739400C00793751 /* Project object */;
			proxyType = 1;
			remoteGlobalIDString = 91DAC9291739400C00793751;
			remoteInfo = MyTestApp;
		};
/* End PBXContainerItemProxy section */

/* Begin PBXFileReference section */
		91DAC92A1739400C00793751 /* MyTestApp.app */ = {isa = PBXFileReference; explicitFileType = wrapper.application; includeInIndex = 0; path = MyTestApp.app; sourceTree = BUILT_PRODUCTS_DIR; };
		91DAC92D1739400C00793751 /* UIKit.framework */ = {isa = PBXFileReference; lastKnownFileType = wrapper.framework; name = UIKit.framework; path = System/Library/Frameworks/UIKit.framework; sourceTree = SDKROOT; };
		91DAC92F1739400C00793751 /* Foundation.framework */ = {isa = PBXFileReference; lastKnownFileType = wrapper.framework; name = Foundation.framework; path = System/Library/Frameworks/Foundation.framework; sourceTree = SDKROOT; };
		91DAC9311739400C00793751 /* CoreGraphics.framework */ = {isa = PBXFileReference; lastKnownFileType = wrapper.framework; name = CoreGraphics.framework; path = System/Library/Frameworks/CoreGraphics.framework; sourceTree = SDKROOT; };
		91DAC9351739400C00793751 /* MyTestApp-Info.plist */ = {isa = PBXFileReference; lastKnownFileType = text.plist.xml; path = "MyTestApp-Info.plist"; sourceTree = "<group>"; };
		91DAC9371739400C00793751 /* en */ = {isa = PBXFileReference; lastKnownFileType = text.plist.strings; name = en; path = en.lproj/InfoPlist.strings; sourceTree = "<group>"; };
		91DAC9391739400C00793751 /* main.m */ = {isa = PBXFileReference; lastKnownFileType = sourcecode.c.objc; path = main.m; sourceTree = "<group>"; };
		91DAC93B1739400C00793751 /* MyTestApp-Prefix.pch */ = {isa = PBXFileReference; lastKnownFileType = sourcecode.c.h; path = "MyTestApp-Prefix.pch"; sourceTree = "<group>"; };
		91DAC93C1739400C00793751 /* AppDelegate.h */ = {isa = PBXFileReference; lastKnownFileType = sourcecode.c.h; path = AppDelegate.h; sourceTree = "<group>"; };
		91DAC93D1739400C00793751 /* AppDelegate.m */ = {isa = PBXFileReference; lastKnownFileType = sourcecode.c.objc; path = AppDelegate.m; sourceTree = "<group>"; };
		91DAC93F1739400C00793751 /* Default.png */ = {isa = PBXFileReference; lastKnownFileType = image.png; path = Default.png; sourceTree = "<group>"; };
		91DAC9411739400C00793751 /* Default@2x.png */ = {isa = PBXFileReference; lastKnownFileType = image.png; path = "Default@2x.png"; sourceTree = "<group>"; };
		91DAC9431739400C00793751 /* Default-568h@2x.png */ = {isa = PBXFileReference; lastKnownFileType = image.png; path = "Default-568h@2x.png"; sourceTree = "<group>"; };
		91DAC9461739400C00793751 /* en */ = {isa = PBXFileReference; lastKnownFileType = file.storyboard; name = en; path = en.lproj/MainStoryboard_iPhone.storyboard; sourceTree = "<group>"; };
		91DAC9491739400C00793751 /* en */ = {isa = PBXFileReference; lastKnownFileType = file.storyboard; name = en; path = en.lproj/MainStoryboard_iPad.storyboard; sourceTree = "<group>"; };
		91DAC94B1739400C00793751 /* MasterViewController.h */ = {isa = PBXFileReference; lastKnownFileType = sourcecode.c.h; path = MasterViewController.h; sourceTree = "<group>"; };
		91DAC94C1739400C00793751 /* MasterViewController.m */ = {isa = PBXFileReference; lastKnownFileType = sourcecode.c.objc; path = MasterViewController.m; sourceTree = "<group>"; };
		91DAC94E1739400C00793751 /* DetailViewController.h */ = {isa = PBXFileReference; lastKnownFileType = sourcecode.c.h; path = DetailViewController.h; sourceTree = "<group>"; };
		91DAC94F1739400C00793751 /* DetailViewController.m */ = {isa = PBXFileReference; lastKnownFileType = sourcecode.c.objc; path = DetailViewController.m; sourceTree = "<group>"; };
		91DAC9561739400C00793751 /* MyTestAppTests.octest */ = {isa = PBXFileReference; explicitFileType = wrapper.cfbundle; includeInIndex = 0; path = MyTestAppTests.octest; sourceTree = BUILT_PRODUCTS_DIR; };
		91DAC9571739400C00793751 /* SenTestingKit.framework */ = {isa = PBXFileReference; lastKnownFileType = wrapper.framework; name = SenTestingKit.framework; path = Library/Frameworks/SenTestingKit.framework; sourceTree = DEVELOPER_DIR; };
		91DAC95F1739400C00793751 /* MyTestAppTests-Info.plist */ = {isa = PBXFileReference; lastKnownFileType = text.plist.xml; path = "MyTestAppTests-Info.plist"; sourceTree = "<group>"; };
		91DAC9611739400C00793751 /* en */ = {isa = PBXFileReference; lastKnownFileType = text.plist.strings; name = en; path = en.lproj/InfoPlist.strings; sourceTree = "<group>"; };
		91DAC9631739400C00793751 /* MyTestAppTests.h */ = {isa = PBXFileReference; lastKnownFileType = sourcecode.c.h; path = MyTestAppTests.h; sourceTree = "<group>"; };
		91DAC9641739400C00793751 /* MyTestAppTests.m */ = {isa = PBXFileReference; lastKnownFileType = sourcecode.c.objc; path = MyTestAppTests.m; sourceTree = "<group>"; };
/* End PBXFileReference section */

/* Begin PBXFrameworksBuildPhase section */
		91DAC9271739400C00793751 /* Frameworks */ = {
			isa = PBXFrameworksBuildPhase;
			buildActionMask = 2147483647;
			files = (
				91DAC92E1739400C00793751 /* UIKit.framework in Frameworks */,
				91DAC9301739400C00793751 /* Foundation.framework in Frameworks */,
				91DAC9321739400C00793751 /* CoreGraphics.framework in Frameworks */,
			);
			runOnlyForDeploymentPostprocessing = 0;
		};
		91DAC9521739400C00793751 /* Frameworks */ = {
			isa = PBXFrameworksBuildPhase;
			buildActionMask = 2147483647;
			files = (
				91DAC9581739400C00793751 /* SenTestingKit.framework in Frameworks */,
				91DAC9591739400C00793751 /* UIKit.framework in Frameworks */,
				91DAC95A1739400C00793751 /* Foundation.framework in Frameworks */,
			);
			runOnlyForDeploymentPostprocessing = 0;
		};
/* End PBXFrameworksBuildPhase section */

/* Begin PBXGroup section */
		91DAC9211739400C00793751 = {
			isa = PBXGroup;
			children = (
				91DAC9331739400C00793751 /* MyTestApp */,
				91DAC95D1739400C00793751 /* MyTestAppTests */,
				91DAC92C1739400C00793751 /* Frameworks */,
				91DAC92B1739400C00793751 /* Products */,
			);
			sourceTree = "<group>";
		};
		91DAC92B1739400C00793751 /* Products */ = {
			isa = PBXGroup;
			children = (
				91DAC92A1739400C00793751 /* MyTestApp.app */,
				91DAC9561739400C00793751 /* MyTestAppTests.octest */,
			);
			name = Products;
			sourceTree = "<group>";
		};
		91DAC92C1739400C00793751 /* Frameworks */ = {
			isa = PBXGroup;
			children = (
				91DAC92D1739400C00793751 /* UIKit.framework */,
				91DAC92F1739400C00793751 /* Foundation.framework */,
				91DAC9311739400C00793751 /* CoreGraphics.framework */,
				91DAC9571739400C00793751 /* SenTestingKit.framework */,
			);
			name = Frameworks;
			sourceTree = "<group>";
		};
		91DAC9331739400C00793751 /* MyTestApp */ = {
			isa = PBXGroup;
			children = (
				91DAC93C1739400C00793751 /* AppDelegate.h */,
				91DAC93D1739400C00793751 /* AppDelegate.m */,
				91DAC9451739400C00793751 /* MainStoryboard_iPhone.storyboard */,
				91DAC9481739400C00793751 /* MainStoryboard_iPad.storyboard */,
				91DAC94B1739400C00793751 /* MasterViewController.h */,
				91DAC94C1739400C00793751 /* MasterViewController.m */,
				91DAC94E1739400C00793751 /* DetailViewController.h */,
				91DAC94F1739400C00793751 /* DetailViewController.m */,
				91DAC9341739400C00793751 /* Supporting Files */,
			);
			path = MyTestApp;
			sourceTree = "<group>";
		};
		91DAC9341739400C00793751 /* Supporting Files */ = {
			isa = PBXGroup;
			children = (
				91DAC9351739400C00793751 /* MyTestApp-Info.plist */,
				91DAC9361739400C00793751 /* InfoPlist.strings */,
				91DAC9391739400C00793751 /* main.m */,
				91DAC93B1739400C00793751 /* MyTestApp-Prefix.pch */,
				91DAC93F1739400C00793751 /* Default.png */,
				91DAC9411739400C00793751 /* Default@2x.png */,
				91DAC9431739400C00793751 /* Default-568h@2x.png */,
			);
			name = "Supporting Files";
			sourceTree = "<group>";
		};
		91DAC95D1739400C00793751 /* MyTestAppTests */ = {
			isa = PBXGroup;
			children = (
				91DAC9631739400C00793751 /* MyTestAppTests.h */,
				91DAC9641739400C00793751 /* MyTestAppTests.m */,
				91DAC95E1739400C00793751 /* Supporting Files */,
			);
			path = MyTestAppTests;
			sourceTree = "<group>";
		};
		91DAC95E1739400C00793751 /* Supporting Files */ = {
			isa = PBXGroup;
			children = (
				91DAC95F1739400C00793751 /* MyTestAppTests-Info.plist */,
				91DAC9601739400C00793751 /* InfoPlist.strings */,
			);
			name = "Supporting Files";
			sourceTree = "<group>";
		};
/* End PBXGroup section */

/* Begin PBXNativeTarget section */
		91DAC9291739400C00793751 /* MyTestApp */ = {
			isa = PBXNativeTarget;
			buildConfigurationList = 91DAC9681739400C00793751 /* Build configuration list for PBXNativeTarget "MyTestApp" */;
			buildPhases = (
				91DAC9261739400C00793751 /* Sources */,
				91DAC9271739400C00793751 /* Frameworks */,
				91DAC9281739400C00793751 /* Resources */,
			);
			buildRules = (
			);
			dependencies = (
			);
			name = MyTestApp;
			productName = MyTestApp;
			productReference = 91DAC92A1739400C00793751 /* MyTestApp.app */;
			productType = "com.apple.product-type.application";
		};
		91DAC9551739400C00793751 /* MyTestAppTests */ = {
			isa = PBXNativeTarget;
			buildConfigurationList = 91DAC96B1739400C00793751 /* Build configuration list for PBXNativeTarget "MyTestAppTests" */;
			buildPhases = (
				91DAC9511739400C00793751 /* Sources */,
				91DAC9521739400C00793751 /* Frameworks */,
				91DAC9531739400C00793751 /* Resources */,
				91DAC9541739400C00793751 /* ShellScript */,
			);
			buildRules = (
			);
			dependencies = (
				91DAC95C1739400C00793751 /* PBXTargetDependency */,
			);
			name = MyTestAppTests;
			productName = MyTestAppTests;
			productReference = 91DAC9561739400C00793751 /* MyTestAppTests.octest */;
			productType = "com.apple.product-type.bundle";
		};
/* End PBXNativeTarget section */

/* Begin PBXProject section */
		91DAC9221739400C00793751 /* Project object */ = {
			isa = PBXProject;
			attributes = {
				LastUpgradeCheck = 0460;
				ORGANIZATIONNAME = aodh;
			};
			buildConfigurationList = 91DAC9251739400C00793751 /* Build configuration list for PBXProject "MyTestApp" */;
			compatibilityVersion = "Xcode 3.2";
			developmentRegion = English;
			hasScannedForEncodings = 0;
			knownRegions = (
				en,
			);
			mainGroup = 91DAC9211739400C00793751;
			productRefGroup = 91DAC92B1739400C00793751 /* Products */;
			projectDirPath = "";
			projectRoot = "";
			targets = (
				91DAC9291739400C00793751 /* MyTestApp */,
				91DAC9551739400C00793751 /* MyTestAppTests */,
			);
		};
/* End PBXProject section */

/* Begin PBXResourcesBuildPhase section */
		91DAC9281739400C00793751 /* Resources */ = {
			isa = PBXResourcesBuildPhase;
			buildActionMask = 2147483647;
			files = (
				91DAC9381739400C00793751 /* InfoPlist.strings in Resources */,
				91DAC9401739400C00793751 /* Default.png in Resources */,
				91DAC9421739400C00793751 /* Default@2x.png in Resources */,
				91DAC9441739400C00793751 /* Default-568h@2x.png in Resources */,
				91DAC9471739400C00793751 /* MainStoryboard_iPhone.storyboard in Resources */,
				91DAC94A1739400C00793751 /* MainStoryboard_iPad.storyboard in Resources */,
			);
			runOnlyForDeploymentPostprocessing = 0;
		};
		91DAC9531739400C00793751 /* Resources */ = {
			isa = PBXResourcesBuildPhase;
			buildActionMask = 2147483647;
			files = (
				91DAC9621739400C00793751 /* InfoPlist.strings in Resources */,
			);
			runOnlyForDeploymentPostprocessing = 0;
		};
/* End PBXResourcesBuildPhase section */

/* Begin PBXShellScriptBuildPhase section */
		91DAC9541739400C00793751 /* ShellScript */ = {
			isa = PBXShellScriptBuildPhase;
			buildActionMask = 2147483647;
			files = (
			);
			inputPaths = (
			);
			outputPaths = (
			);
			runOnlyForDeploymentPostprocessing = 0;
			shellPath = /bin/sh;
			shellScript = "# Run the unit tests in this test bundle.\n#\"${SYSTEM_DEVELOPER_DIR}/Tools/RunUnitTests\"\n";
		};
/* End PBXShellScriptBuildPhase section */

/* Begin PBXSourcesBuildPhase section */
		91DAC9261739400C00793751 /* Sources */ = {
			isa = PBXSourcesBuildPhase;
			buildActionMask = 2147483647;
			files = (
				91DAC93A1739400C00793751 /* main.m in Sources */,
				91DAC93E1739400C00793751 /* AppDelegate.m in Sources */,
				91DAC94D1739400C00793751 /* MasterViewController.m in Sources */,
				91DAC9501739400C00793751 /* DetailViewController.m in Sources */,
			);
			runOnlyForDeploymentPostprocessing = 0;
		};
		91DAC9511739400C00793751 /* Sources */ = {
			isa = PBXSourcesBuildPhase;
			buildActionMask = 2147483647;
			files = (
				91DAC9651739400C00793751 /* MyTestAppTests.m in Sources */,
			);
			runOnlyForDeploymentPostprocessing = 0;
		};
/* End PBXSourcesBuildPhase section */

/* Begin PBXTargetDependency section */
		91DAC95C1739400C00793751 /* PBXTargetDependency */ = {
			isa = PBXTargetDependency;
			target = 91DAC9291739400C00793751 /* MyTestApp */;
			targetProxy = 91DAC95B1739400C00793751 /* PBXContainerItemProxy */;
		};
/* End PBXTargetDependency section */

/* Begin PBXVariantGroup section */
		91DAC9361739400C00793751 /* InfoPlist.strings */ = {
			isa = PBXVariantGroup;
			children = (
				91DAC9371739400C00793751 /* en */,
			);
			name = InfoPlist.strings;
			sourceTree = "<group>";
		};
		91DAC9451739400C00793751 /* MainStoryboard_iPhone.storyboard */ = {
			isa = PBXVariantGroup;
			children = (
				91DAC9461739400C00793751 /* en */,
			);
			name = MainStoryboard_iPhone.storyboard;
			sourceTree = "<group>";
		};
		91DAC9481739400C00793751 /* MainStoryboard_iPad.storyboard */ = {
			isa = PBXVariantGroup;
			children = (
				91DAC9491739400C00793751 /* en */,
			);
			name = MainStoryboard_iPad.storyboard;
			sourceTree = "<group>";
		};
		91DAC9601739400C00793751 /* InfoPlist.strings */ = {
			isa = PBXVariantGroup;
			children = (
				91DAC9611739400C00793751 /* en */,
			);
			name = InfoPlist.strings;
			sourceTree = "<group>";
		};
/* End PBXVariantGroup section */

/* Begin XCBuildConfiguration section */
		91DAC9661739400C00793751 /* Debug */ = {
			isa = XCBuildConfiguration;
			buildSettings = {
				ALWAYS_SEARCH_USER_PATHS = NO;
				ARCHS = (
					"$(ARCHS_STANDARD_32_BIT)",
					i386,
				);
				CLANG_CXX_LANGUAGE_STANDARD = "gnu++0x";
				CLANG_CXX_LIBRARY = "libc++";
				CLANG_ENABLE_OBJC_ARC = YES;
				CLANG_WARN_CONSTANT_CONVERSION = YES;
				CLANG_WARN_EMPTY_BODY = YES;
				CLANG_WARN_ENUM_CONVERSION = YES;
				CLANG_WARN_INT_CONVERSION = YES;
				CLANG_WARN__DUPLICATE_METHOD_MATCH = YES;
				"CODE_SIGN_IDENTITY[sdk=iphoneos*]" = "iPhone Developer";
				COPY_PHASE_STRIP = NO;
				GCC_C_LANGUAGE_STANDARD = gnu99;
				GCC_DYNAMIC_NO_PIC = NO;
				GCC_GENERATE_TEST_COVERAGE_FILES = YES;
				GCC_INSTRUMENT_PROGRAM_FLOW_ARCS = YES;
				GCC_OPTIMIZATION_LEVEL = 0;
				GCC_PREPROCESSOR_DEFINITIONS = (
					"DEBUG=1",
					"$(inherited)",
				);
				GCC_SYMBOLS_PRIVATE_EXTERN = NO;
				GCC_WARN_ABOUT_RETURN_TYPE = YES;
				GCC_WARN_UNINITIALIZED_AUTOS = YES;
				GCC_WARN_UNUSED_VARIABLE = YES;
				IPHONEOS_DEPLOYMENT_TARGET = 6.1;
				ONLY_ACTIVE_ARCH = NO;
				SDKROOT = iphoneos;
				TARGETED_DEVICE_FAMILY = "1,2";
				TEST_AFTER_BUILD = YES;
				VALID_ARCHS = "armv7 armv7s i386";
			};
			name = Debug;
		};
		91DAC9671739400C00793751 /* Release */ = {
			isa = XCBuildConfiguration;
			buildSettings = {
				ALWAYS_SEARCH_USER_PATHS = NO;
				ARCHS = (
					"$(ARCHS_STANDARD_32_BIT)",
					i386,
				);
				CLANG_CXX_LANGUAGE_STANDARD = "gnu++0x";
				CLANG_CXX_LIBRARY = "libc++";
				CLANG_ENABLE_OBJC_ARC = YES;
				CLANG_WARN_CONSTANT_CONVERSION = YES;
				CLANG_WARN_EMPTY_BODY = YES;
				CLANG_WARN_ENUM_CONVERSION = YES;
				CLANG_WARN_INT_CONVERSION = YES;
				CLANG_WARN__DUPLICATE_METHOD_MATCH = YES;
				CODE_SIGN_IDENTITY = "iPhone Distribution";
				"CODE_SIGN_IDENTITY[sdk=iphoneos*]" = "iPhone Distribution";
				COPY_PHASE_STRIP = YES;
				GCC_C_LANGUAGE_STANDARD = gnu99;
				GCC_WARN_ABOUT_RETURN_TYPE = YES;
				GCC_WARN_UNINITIALIZED_AUTOS = YES;
				GCC_WARN_UNUSED_VARIABLE = YES;
				IPHONEOS_DEPLOYMENT_TARGET = 6.1;
				OTHER_CFLAGS = "-DNS_BLOCK_ASSERTIONS=1";
				PROVISIONING_PROFILE = "";
				"PROVISIONING_PROFILE[sdk=iphoneos*]" = "";
				SDKROOT = iphoneos;
				TARGETED_DEVICE_FAMILY = "1,2";
				TEST_AFTER_BUILD = YES;
				VALIDATE_PRODUCT = YES;
				VALID_ARCHS = "armv7 armv7s i386";
			};
			name = Release;
		};
		91DAC9691739400C00793751 /* Debug */ = {
			isa = XCBuildConfiguration;
			buildSettings = {
				GCC_GENERATE_TEST_COVERAGE_FILES = YES;
				GCC_INSTRUMENT_PROGRAM_FLOW_ARCS = YES;
				GCC_PRECOMPILE_PREFIX_HEADER = YES;
				GCC_PREFIX_HEADER = "MyTestApp/MyTestApp-Prefix.pch";
				INFOPLIST_FILE = "MyTestApp/MyTestApp-Info.plist";
				PRODUCT_NAME = "$(TARGET_NAME)";
				WRAPPER_EXTENSION = app;
			};
			name = Debug;
		};
		91DAC96A1739400C00793751 /* Release */ = {
			isa = XCBuildConfiguration;
			buildSettings = {
				GCC_GENERATE_TEST_COVERAGE_FILES = NO;
				GCC_INSTRUMENT_PROGRAM_FLOW_ARCS = NO;
				GCC_PRECOMPILE_PREFIX_HEADER = YES;
				GCC_PREFIX_HEADER = "MyTestApp/MyTestApp-Prefix.pch";
				INFOPLIST_FILE = "MyTestApp/MyTestApp-Info.plist";
				PRODUCT_NAME = "$(TARGET_NAME)";
				WRAPPER_EXTENSION = app;
			};
			name = Release;
		};
		91DAC96C1739400C00793751 /* Debug */ = {
			isa = XCBuildConfiguration;
			buildSettings = {
				ARCHS = (
					"$(ARCHS_STANDARD_32_BIT)",
					i386,
				);
				BUNDLE_LOADER = "$(BUILT_PRODUCTS_DIR)/MyTestApp.app/MyTestApp";
				FRAMEWORK_SEARCH_PATHS = (
					"\"$(SDKROOT)/Developer/Library/Frameworks\"",
					"\"$(DEVELOPER_LIBRARY_DIR)/Frameworks\"",
				);
				GCC_GENERATE_TEST_COVERAGE_FILES = YES;
				GCC_INSTRUMENT_PROGRAM_FLOW_ARCS = YES;
				GCC_PRECOMPILE_PREFIX_HEADER = YES;
				GCC_PREFIX_HEADER = "MyTestApp/MyTestApp-Prefix.pch";
				INFOPLIST_FILE = "MyTestAppTests/MyTestAppTests-Info.plist";
				OTHER_LDFLAGS = "-ObjC";
				OTHER_TEST_FLAGS = "-ObjC";
				PRODUCT_NAME = "$(TARGET_NAME)";
				TEST_HOST = "$(BUNDLE_LOADER)";
				VALID_ARCHS = "armv7 armv7s i386";
				WRAPPER_EXTENSION = octest;
			};
			name = Debug;
		};
		91DAC96D1739400C00793751 /* Release */ = {
			isa = XCBuildConfiguration;
			buildSettings = {
				ARCHS = (
					"$(ARCHS_STANDARD_32_BIT)",
					i386,
				);
				BUNDLE_LOADER = "$(BUILT_PRODUCTS_DIR)/MyTestApp.app/MyTestApp";
				FRAMEWORK_SEARCH_PATHS = (
					"\"$(SDKROOT)/Developer/Library/Frameworks\"",
					"\"$(DEVELOPER_LIBRARY_DIR)/Frameworks\"",
				);
				GCC_GENERATE_TEST_COVERAGE_FILES = NO;
				GCC_INSTRUMENT_PROGRAM_FLOW_ARCS = NO;
				GCC_PRECOMPILE_PREFIX_HEADER = YES;
				GCC_PREFIX_HEADER = "MyTestApp/MyTestApp-Prefix.pch";
				INFOPLIST_FILE = "MyTestAppTests/MyTestAppTests-Info.plist";
				OTHER_LDFLAGS = "-ObjC";
				OTHER_TEST_FLAGS = "-ObjC";
				PRODUCT_NAME = "$(TARGET_NAME)";
				TEST_HOST = "$(BUNDLE_LOADER)";
				VALID_ARCHS = "armv7 armv7s i386";
				WRAPPER_EXTENSION = octest;
			};
			name = Release;
		};
/* End XCBuildConfiguration section */

/* Begin XCConfigurationList section */
		91DAC9251739400C00793751 /* Build configuration list for PBXProject "MyTestApp" */ = {
			isa = XCConfigurationList;
			buildConfigurations = (
				91DAC9661739400C00793751 /* Debug */,
				91DAC9671739400C00793751 /* Release */,
			);
			defaultConfigurationIsVisible = 0;
			defaultConfigurationName = Release;
		};
		91DAC9681739400C00793751 /* Build configuration list for PBXNativeTarget "MyTestApp" */ = {
			isa = XCConfigurationList;
			buildConfigurations = (
				91DAC9691739400C00793751 /* Debug */,
				91DAC96A1739400C00793751 /* Release */,
			);
			defaultConfigurationIsVisible = 0;
			defaultConfigurationName = Release;
		};
		91DAC96B1739400C00793751 /* Build configuration list for PBXNativeTarget "MyTestAppTests" */ = {
			isa = XCConfigurationList;
			buildConfigurations = (
				91DAC96C1739400C00793751 /* Debug */,
				91DAC96D1739400C00793751 /* Release */,
			);
			defaultConfigurationIsVisible = 0;
			defaultConfigurationName = Release;
		};
/* End XCConfigurationList section */
	};
	rootObject = 91DAC9221739400C00793751 /* Project object */;
}
